
Microsoft Visual Studio Solution File, Format Version 12.00
# Visual Studio 15
VisualStudioVersion = 15.0.28010.2046
MinimumVisualStudioVersion = 10.0.40219.1
Project("{8BC9CEB8-8B4A-11D0-8D11-00A0C91BC942}") = "ConsoleApplication1", "ConsoleApplication1\ConsoleApplication1.vcxproj", "{B58772A8-F11C-4585-B13E-82C7680658B3}"
EndProject
Project("{8BC9CEB8-8B4A-11D0-8D11-00A0C91BC942}") = "ConsoleApplication2", "ConsoleApplication2\ConsoleApplication2.vcxproj", "{B3CC8D81-E35C-40AA-B14F-C1A3FF695D4E}"
EndProject
Global
	GlobalSection(SolutionConfigurationPlatforms) = preSolution
		Debug|x64 = Debug|x64
		Debug|x86 = Debug|x86
		Release|x64 = Release|x64
		Release|x86 = Release|x86
	EndGlobalSection
	GlobalSection(ProjectConfigurationPlatforms) = postSolution
		{B58772A8-F11C-4585-B13E-82C7680658B3}.Debug|x64.ActiveCfg = Debug|x64
		{B58772A8-F11C-4585-B13E-82C7680658B3}.Debug|x64.Build.0 = Debug|x64
		{B58772A8-F11C-4585-B13E-82C7680658B3}.Debug|x86.ActiveCfg = Debug|Win32
		{B58772A8-F11C-4585-B13E-82C7680658B3}.Debug|x86.Build.0 = Debug|Win32
		{B58772A8-F11C-4585-B13E-82C7680658B3}.Release|x64.ActiveCfg = Release|x64
		{B58772A8-F11C-4585-B13E-82C7680658B3}.Release|x64.Build.0 = Release|x64
		{B58772A8-F11C-4585-B13E-82C7680658B3}.Release|x86.ActiveCfg = Release|Win32
		{B58772A8-F11C-4585-B13E-82C7680658B3}.Release|x86.Build.0 = Release|Win32
		{B3CC8D81-E35C-40AA-B14F-C1A3FF695D4E}.Debug|x64.ActiveCfg = Debug|x64
		{B3CC8D81-E35C-40AA-B14F-C1A3FF695D4E}.Debug|x64.Build.0 = Debug|x64
		{B3CC8D81-E35C-40AA-B14F-C1A3FF695D4E}.Debug|x86.ActiveCfg = Debug|Win32
		{B3CC8D81-E35C-40AA-B14F-C1A3FF695D4E}.Debug|x86.Build.0 = Debug|Win32
		{B3CC8D81-E35C-40AA-B14F-C1A3FF695D4E}.Release|x64.ActiveCfg = Release|x64
		{B3CC8D81-E35C-40AA-B14F-C1A3FF695D4E}.Release|x64.Build.0 = Release|x64
		{B3CC8D81-E35C-40AA-B14F-C1A3FF695D4E}.Release|x86.ActiveCfg = Release|Win32
		{B3CC8D81-E35C-40AA-B14F-C1A3FF695D4E}.Release|x86.Build.0 = Release|Win32
	EndGlobalSection
	GlobalSection(SolutionProperties) = preSolution
		HideSolutionNode = FALSE
	EndGlobalSection
	GlobalSection(ExtensibilityGlobals) = postSolution
		SolutionGuid = {A6E673F0-6E4E-48F2-AF2B-0E7EB4D2EEC1}
	EndGlobalSection
EndGlobal
