
Microsoft Visual Studio Solution File, Format Version 12.00
# Visual Studio 15
VisualStudioVersion = 15.0.28010.2046
MinimumVisualStudioVersion = 10.0.40219.1
Project("{8BC9CEB8-8B4A-11D0-8D11-00A0C91BC942}") = "Exercise_01", "Exercise_1\Exercise_1.vcxproj", "{36674196-9F02-47A0-A718-F146345151D8}"
EndProject
Project("{8BC9CEB8-8B4A-11D0-8D11-00A0C91BC942}") = "Exercise_02", "Exercise_2\Exercise_2.vcxproj", "{9D2F48F1-BCF2-4E82-8DEB-1C318078EC6B}"
EndProject
Project("{8BC9CEB8-8B4A-11D0-8D11-00A0C91BC942}") = "Exercise_03", "Exerise_3\Exerise_3.vcxproj", "{7A2616F1-AFE4-4397-BC7E-21B6D3027A07}"
EndProject
Project("{8BC9CEB8-8B4A-11D0-8D11-00A0C91BC942}") = "Exercise_04", "Exercise_4\Exercise_4.vcxproj", "{68277F77-7345-40B0-A1EF-F6586019C613}"
EndProject
Project("{8BC9CEB8-8B4A-11D0-8D11-00A0C91BC942}") = "Exercise_05", "Exercise_5\Exercise_5.vcxproj", "{1F59E426-ECAC-4177-A8F3-FCD0028DDEAA}"
EndProject
Project("{8BC9CEB8-8B4A-11D0-8D11-00A0C91BC942}") = "Exercise_06", "Exercise_6\Exercise_6.vcxproj", "{3D5E75ED-FD4D-4782-B85A-9DA76A7A8075}"
EndProject
Project("{8BC9CEB8-8B4A-11D0-8D11-00A0C91BC942}") = "Exercise_07", "Exercise_7\Exercise_7.vcxproj", "{8BDD23F0-F40A-46F9-BBDE-5C2376D9390D}"
EndProject
Project("{8BC9CEB8-8B4A-11D0-8D11-00A0C91BC942}") = "Exercise_08", "Exercise_8\Exercise_8.vcxproj", "{E834AA0C-0989-4475-BECA-73391DE1FB46}"
EndProject
Project("{8BC9CEB8-8B4A-11D0-8D11-00A0C91BC942}") = "Exercise_09", "Exercise_9\Exercise_9.vcxproj", "{9DBC097E-2B7B-46D9-BC22-0FA36C04E009}"
EndProject
Project("{8BC9CEB8-8B4A-11D0-8D11-00A0C91BC942}") = "Exercise_10", "Exercise_10\Exercise_10.vcxproj", "{DDE89CE7-C52D-4571-B699-15A106CA1F7A}"
EndProject
Project("{8BC9CEB8-8B4A-11D0-8D11-00A0C91BC942}") = "Exercise_11", "Exercise_11\Exercise_11.vcxproj", "{4766BDD7-88D0-47A0-BB11-869E93A5E2DD}"
EndProject
Project("{8BC9CEB8-8B4A-11D0-8D11-00A0C91BC942}") = "Exercise_12", "Exercise_12\Exercise_12.vcxproj", "{825307B4-1523-4FB2-8119-A4C968832F68}"
EndProject
Project("{8BC9CEB8-8B4A-11D0-8D11-00A0C91BC942}") = "Exercise_13", "Exercise_13\Exercise_13.vcxproj", "{00EC0AFF-902A-4F7E-8EA4-C9A4F438A48F}"
EndProject
Project("{8BC9CEB8-8B4A-11D0-8D11-00A0C91BC942}") = "Exercise_14", "Exercise_14\Exercise_14.vcxproj", "{A9C64776-8822-4E8E-A292-F65A245862A1}"
EndProject
Project("{8BC9CEB8-8B4A-11D0-8D11-00A0C91BC942}") = "Exercise_15", "Exercise_15\Exercise_15.vcxproj", "{D61E3CA2-4ED8-4A2A-8319-2789A2193789}"
EndProject
Project("{8BC9CEB8-8B4A-11D0-8D11-00A0C91BC942}") = "Exercise_16", "Exercise_16\Exercise_16.vcxproj", "{90B8A66E-7DC7-49F8-9C14-9B2C36C9D390}"
EndProject
Project("{8BC9CEB8-8B4A-11D0-8D11-00A0C91BC942}") = "Exercise_17", "Exercise_17\Exercise_17.vcxproj", "{60127C5F-7598-4CB7-B8A4-A17C7AB4C01B}"
EndProject
Project("{8BC9CEB8-8B4A-11D0-8D11-00A0C91BC942}") = "Exercise_18", "Exercise_18\Exercise_18.vcxproj", "{5B45147A-4A2D-4A10-85BF-743108EBFB5E}"
EndProject
Project("{8BC9CEB8-8B4A-11D0-8D11-00A0C91BC942}") = "Exercise_19", "Exercise_19\Exercise_19.vcxproj", "{D3E31D5F-D629-477A-BC0C-F5702FD90789}"
EndProject
Project("{8BC9CEB8-8B4A-11D0-8D11-00A0C91BC942}") = "Exercise_20", "Exercise_20\Exercise_20.vcxproj", "{06A3CDC5-E0EC-4993-8D26-7A72C2F6E913}"
EndProject
Project("{8BC9CEB8-8B4A-11D0-8D11-00A0C91BC942}") = "Exercise_21", "Exercise_21\Exercise_21.vcxproj", "{67670993-9561-4730-BBE7-2FE0E3AF9118}"
EndProject
Project("{8BC9CEB8-8B4A-11D0-8D11-00A0C91BC942}") = "Exercise_22", "Exercise_22\Exercise_22.vcxproj", "{B9F23399-998E-4150-BBD2-B3C068AAFA6D}"
EndProject
Project("{8BC9CEB8-8B4A-11D0-8D11-00A0C91BC942}") = "Exercise_23", "Exercise_23\Exercise_23.vcxproj", "{75DB7734-EC11-4FE7-A41E-53B7592E1D31}"
EndProject
Project("{8BC9CEB8-8B4A-11D0-8D11-00A0C91BC942}") = "Exercise_24", "Exercise_24\Exercise_24.vcxproj", "{D985DF56-02D8-42B3-A11A-694546606EC0}"
EndProject
Project("{8BC9CEB8-8B4A-11D0-8D11-00A0C91BC942}") = "Exercise_25", "Exercise_25\Exercise_25.vcxproj", "{B6C7CD5D-0C13-4A1F-9E53-2B1F299B9A36}"
EndProject
Project("{8BC9CEB8-8B4A-11D0-8D11-00A0C91BC942}") = "MojeWskazniki", "MojeWskazniki\MojeWskazniki.vcxproj", "{9CC8B96C-DAC1-4178-BDE1-421EF02954DB}"
EndProject
Project("{8BC9CEB8-8B4A-11D0-8D11-00A0C91BC942}") = "MojeTablice", "MojeTablice\MojeTablice.vcxproj", "{83377585-BB47-4A83-A1A2-719821428A29}"
EndProject
Global
	GlobalSection(SolutionConfigurationPlatforms) = preSolution
		Debug|x64 = Debug|x64
		Debug|x86 = Debug|x86
		Release|x64 = Release|x64
		Release|x86 = Release|x86
	EndGlobalSection
	GlobalSection(ProjectConfigurationPlatforms) = postSolution
		{36674196-9F02-47A0-A718-F146345151D8}.Debug|x64.ActiveCfg = Debug|x64
		{36674196-9F02-47A0-A718-F146345151D8}.Debug|x64.Build.0 = Debug|x64
		{36674196-9F02-47A0-A718-F146345151D8}.Debug|x86.ActiveCfg = Debug|Win32
		{36674196-9F02-47A0-A718-F146345151D8}.Debug|x86.Build.0 = Debug|Win32
		{36674196-9F02-47A0-A718-F146345151D8}.Release|x64.ActiveCfg = Release|x64
		{36674196-9F02-47A0-A718-F146345151D8}.Release|x64.Build.0 = Release|x64
		{36674196-9F02-47A0-A718-F146345151D8}.Release|x86.ActiveCfg = Release|Win32
		{36674196-9F02-47A0-A718-F146345151D8}.Release|x86.Build.0 = Release|Win32
		{9D2F48F1-BCF2-4E82-8DEB-1C318078EC6B}.Debug|x64.ActiveCfg = Debug|x64
		{9D2F48F1-BCF2-4E82-8DEB-1C318078EC6B}.Debug|x64.Build.0 = Debug|x64
		{9D2F48F1-BCF2-4E82-8DEB-1C318078EC6B}.Debug|x86.ActiveCfg = Debug|Win32
		{9D2F48F1-BCF2-4E82-8DEB-1C318078EC6B}.Debug|x86.Build.0 = Debug|Win32
		{9D2F48F1-BCF2-4E82-8DEB-1C318078EC6B}.Release|x64.ActiveCfg = Release|x64
		{9D2F48F1-BCF2-4E82-8DEB-1C318078EC6B}.Release|x64.Build.0 = Release|x64
		{9D2F48F1-BCF2-4E82-8DEB-1C318078EC6B}.Release|x86.ActiveCfg = Release|Win32
		{9D2F48F1-BCF2-4E82-8DEB-1C318078EC6B}.Release|x86.Build.0 = Release|Win32
		{7A2616F1-AFE4-4397-BC7E-21B6D3027A07}.Debug|x64.ActiveCfg = Debug|x64
		{7A2616F1-AFE4-4397-BC7E-21B6D3027A07}.Debug|x64.Build.0 = Debug|x64
		{7A2616F1-AFE4-4397-BC7E-21B6D3027A07}.Debug|x86.ActiveCfg = Debug|Win32
		{7A2616F1-AFE4-4397-BC7E-21B6D3027A07}.Debug|x86.Build.0 = Debug|Win32
		{7A2616F1-AFE4-4397-BC7E-21B6D3027A07}.Release|x64.ActiveCfg = Release|x64
		{7A2616F1-AFE4-4397-BC7E-21B6D3027A07}.Release|x64.Build.0 = Release|x64
		{7A2616F1-AFE4-4397-BC7E-21B6D3027A07}.Release|x86.ActiveCfg = Release|Win32
		{7A2616F1-AFE4-4397-BC7E-21B6D3027A07}.Release|x86.Build.0 = Release|Win32
		{68277F77-7345-40B0-A1EF-F6586019C613}.Debug|x64.ActiveCfg = Debug|x64
		{68277F77-7345-40B0-A1EF-F6586019C613}.Debug|x64.Build.0 = Debug|x64
		{68277F77-7345-40B0-A1EF-F6586019C613}.Debug|x86.ActiveCfg = Debug|Win32
		{68277F77-7345-40B0-A1EF-F6586019C613}.Debug|x86.Build.0 = Debug|Win32
		{68277F77-7345-40B0-A1EF-F6586019C613}.Release|x64.ActiveCfg = Release|x64
		{68277F77-7345-40B0-A1EF-F6586019C613}.Release|x64.Build.0 = Release|x64
		{68277F77-7345-40B0-A1EF-F6586019C613}.Release|x86.ActiveCfg = Release|Win32
		{68277F77-7345-40B0-A1EF-F6586019C613}.Release|x86.Build.0 = Release|Win32
		{1F59E426-ECAC-4177-A8F3-FCD0028DDEAA}.Debug|x64.ActiveCfg = Debug|x64
		{1F59E426-ECAC-4177-A8F3-FCD0028DDEAA}.Debug|x64.Build.0 = Debug|x64
		{1F59E426-ECAC-4177-A8F3-FCD0028DDEAA}.Debug|x86.ActiveCfg = Debug|Win32
		{1F59E426-ECAC-4177-A8F3-FCD0028DDEAA}.Debug|x86.Build.0 = Debug|Win32
		{1F59E426-ECAC-4177-A8F3-FCD0028DDEAA}.Release|x64.ActiveCfg = Release|x64
		{1F59E426-ECAC-4177-A8F3-FCD0028DDEAA}.Release|x64.Build.0 = Release|x64
		{1F59E426-ECAC-4177-A8F3-FCD0028DDEAA}.Release|x86.ActiveCfg = Release|Win32
		{1F59E426-ECAC-4177-A8F3-FCD0028DDEAA}.Release|x86.Build.0 = Release|Win32
		{3D5E75ED-FD4D-4782-B85A-9DA76A7A8075}.Debug|x64.ActiveCfg = Debug|x64
		{3D5E75ED-FD4D-4782-B85A-9DA76A7A8075}.Debug|x64.Build.0 = Debug|x64
		{3D5E75ED-FD4D-4782-B85A-9DA76A7A8075}.Debug|x86.ActiveCfg = Debug|Win32
		{3D5E75ED-FD4D-4782-B85A-9DA76A7A8075}.Debug|x86.Build.0 = Debug|Win32
		{3D5E75ED-FD4D-4782-B85A-9DA76A7A8075}.Release|x64.ActiveCfg = Release|x64
		{3D5E75ED-FD4D-4782-B85A-9DA76A7A8075}.Release|x64.Build.0 = Release|x64
		{3D5E75ED-FD4D-4782-B85A-9DA76A7A8075}.Release|x86.ActiveCfg = Release|Win32
		{3D5E75ED-FD4D-4782-B85A-9DA76A7A8075}.Release|x86.Build.0 = Release|Win32
		{8BDD23F0-F40A-46F9-BBDE-5C2376D9390D}.Debug|x64.ActiveCfg = Debug|x64
		{8BDD23F0-F40A-46F9-BBDE-5C2376D9390D}.Debug|x64.Build.0 = Debug|x64
		{8BDD23F0-F40A-46F9-BBDE-5C2376D9390D}.Debug|x86.ActiveCfg = Debug|Win32
		{8BDD23F0-F40A-46F9-BBDE-5C2376D9390D}.Debug|x86.Build.0 = Debug|Win32
		{8BDD23F0-F40A-46F9-BBDE-5C2376D9390D}.Release|x64.ActiveCfg = Release|x64
		{8BDD23F0-F40A-46F9-BBDE-5C2376D9390D}.Release|x64.Build.0 = Release|x64
		{8BDD23F0-F40A-46F9-BBDE-5C2376D9390D}.Release|x86.ActiveCfg = Release|Win32
		{8BDD23F0-F40A-46F9-BBDE-5C2376D9390D}.Release|x86.Build.0 = Release|Win32
		{E834AA0C-0989-4475-BECA-73391DE1FB46}.Debug|x64.ActiveCfg = Debug|x64
		{E834AA0C-0989-4475-BECA-73391DE1FB46}.Debug|x64.Build.0 = Debug|x64
		{E834AA0C-0989-4475-BECA-73391DE1FB46}.Debug|x86.ActiveCfg = Debug|Win32
		{E834AA0C-0989-4475-BECA-73391DE1FB46}.Debug|x86.Build.0 = Debug|Win32
		{E834AA0C-0989-4475-BECA-73391DE1FB46}.Release|x64.ActiveCfg = Release|x64
		{E834AA0C-0989-4475-BECA-73391DE1FB46}.Release|x64.Build.0 = Release|x64
		{E834AA0C-0989-4475-BECA-73391DE1FB46}.Release|x86.ActiveCfg = Release|Win32
		{E834AA0C-0989-4475-BECA-73391DE1FB46}.Release|x86.Build.0 = Release|Win32
		{9DBC097E-2B7B-46D9-BC22-0FA36C04E009}.Debug|x64.ActiveCfg = Debug|x64
		{9DBC097E-2B7B-46D9-BC22-0FA36C04E009}.Debug|x64.Build.0 = Debug|x64
		{9DBC097E-2B7B-46D9-BC22-0FA36C04E009}.Debug|x86.ActiveCfg = Debug|Win32
		{9DBC097E-2B7B-46D9-BC22-0FA36C04E009}.Debug|x86.Build.0 = Debug|Win32
		{9DBC097E-2B7B-46D9-BC22-0FA36C04E009}.Release|x64.ActiveCfg = Release|x64
		{9DBC097E-2B7B-46D9-BC22-0FA36C04E009}.Release|x64.Build.0 = Release|x64
		{9DBC097E-2B7B-46D9-BC22-0FA36C04E009}.Release|x86.ActiveCfg = Release|Win32
		{9DBC097E-2B7B-46D9-BC22-0FA36C04E009}.Release|x86.Build.0 = Release|Win32
		{DDE89CE7-C52D-4571-B699-15A106CA1F7A}.Debug|x64.ActiveCfg = Debug|x64
		{DDE89CE7-C52D-4571-B699-15A106CA1F7A}.Debug|x64.Build.0 = Debug|x64
		{DDE89CE7-C52D-4571-B699-15A106CA1F7A}.Debug|x86.ActiveCfg = Debug|Win32
		{DDE89CE7-C52D-4571-B699-15A106CA1F7A}.Debug|x86.Build.0 = Debug|Win32
		{DDE89CE7-C52D-4571-B699-15A106CA1F7A}.Release|x64.ActiveCfg = Release|x64
		{DDE89CE7-C52D-4571-B699-15A106CA1F7A}.Release|x64.Build.0 = Release|x64
		{DDE89CE7-C52D-4571-B699-15A106CA1F7A}.Release|x86.ActiveCfg = Release|Win32
		{DDE89CE7-C52D-4571-B699-15A106CA1F7A}.Release|x86.Build.0 = Release|Win32
		{4766BDD7-88D0-47A0-BB11-869E93A5E2DD}.Debug|x64.ActiveCfg = Debug|x64
		{4766BDD7-88D0-47A0-BB11-869E93A5E2DD}.Debug|x64.Build.0 = Debug|x64
		{4766BDD7-88D0-47A0-BB11-869E93A5E2DD}.Debug|x86.ActiveCfg = Debug|Win32
		{4766BDD7-88D0-47A0-BB11-869E93A5E2DD}.Debug|x86.Build.0 = Debug|Win32
		{4766BDD7-88D0-47A0-BB11-869E93A5E2DD}.Release|x64.ActiveCfg = Release|x64
		{4766BDD7-88D0-47A0-BB11-869E93A5E2DD}.Release|x64.Build.0 = Release|x64
		{4766BDD7-88D0-47A0-BB11-869E93A5E2DD}.Release|x86.ActiveCfg = Release|Win32
		{4766BDD7-88D0-47A0-BB11-869E93A5E2DD}.Release|x86.Build.0 = Release|Win32
		{825307B4-1523-4FB2-8119-A4C968832F68}.Debug|x64.ActiveCfg = Debug|x64
		{825307B4-1523-4FB2-8119-A4C968832F68}.Debug|x64.Build.0 = Debug|x64
		{825307B4-1523-4FB2-8119-A4C968832F68}.Debug|x86.ActiveCfg = Debug|Win32
		{825307B4-1523-4FB2-8119-A4C968832F68}.Debug|x86.Build.0 = Debug|Win32
		{825307B4-1523-4FB2-8119-A4C968832F68}.Release|x64.ActiveCfg = Release|x64
		{825307B4-1523-4FB2-8119-A4C968832F68}.Release|x64.Build.0 = Release|x64
		{825307B4-1523-4FB2-8119-A4C968832F68}.Release|x86.ActiveCfg = Release|Win32
		{825307B4-1523-4FB2-8119-A4C968832F68}.Release|x86.Build.0 = Release|Win32
		{00EC0AFF-902A-4F7E-8EA4-C9A4F438A48F}.Debug|x64.ActiveCfg = Debug|x64
		{00EC0AFF-902A-4F7E-8EA4-C9A4F438A48F}.Debug|x64.Build.0 = Debug|x64
		{00EC0AFF-902A-4F7E-8EA4-C9A4F438A48F}.Debug|x86.ActiveCfg = Debug|Win32
		{00EC0AFF-902A-4F7E-8EA4-C9A4F438A48F}.Debug|x86.Build.0 = Debug|Win32
		{00EC0AFF-902A-4F7E-8EA4-C9A4F438A48F}.Release|x64.ActiveCfg = Release|x64
		{00EC0AFF-902A-4F7E-8EA4-C9A4F438A48F}.Release|x64.Build.0 = Release|x64
		{00EC0AFF-902A-4F7E-8EA4-C9A4F438A48F}.Release|x86.ActiveCfg = Release|Win32
		{00EC0AFF-902A-4F7E-8EA4-C9A4F438A48F}.Release|x86.Build.0 = Release|Win32
		{A9C64776-8822-4E8E-A292-F65A245862A1}.Debug|x64.ActiveCfg = Debug|x64
		{A9C64776-8822-4E8E-A292-F65A245862A1}.Debug|x64.Build.0 = Debug|x64
		{A9C64776-8822-4E8E-A292-F65A245862A1}.Debug|x86.ActiveCfg = Debug|Win32
		{A9C64776-8822-4E8E-A292-F65A245862A1}.Debug|x86.Build.0 = Debug|Win32
		{A9C64776-8822-4E8E-A292-F65A245862A1}.Release|x64.ActiveCfg = Release|x64
		{A9C64776-8822-4E8E-A292-F65A245862A1}.Release|x64.Build.0 = Release|x64
		{A9C64776-8822-4E8E-A292-F65A245862A1}.Release|x86.ActiveCfg = Release|Win32
		{A9C64776-8822-4E8E-A292-F65A245862A1}.Release|x86.Build.0 = Release|Win32
		{D61E3CA2-4ED8-4A2A-8319-2789A2193789}.Debug|x64.ActiveCfg = Debug|x64
		{D61E3CA2-4ED8-4A2A-8319-2789A2193789}.Debug|x64.Build.0 = Debug|x64
		{D61E3CA2-4ED8-4A2A-8319-2789A2193789}.Debug|x86.ActiveCfg = Debug|Win32
		{D61E3CA2-4ED8-4A2A-8319-2789A2193789}.Debug|x86.Build.0 = Debug|Win32
		{D61E3CA2-4ED8-4A2A-8319-2789A2193789}.Release|x64.ActiveCfg = Release|x64
		{D61E3CA2-4ED8-4A2A-8319-2789A2193789}.Release|x64.Build.0 = Release|x64
		{D61E3CA2-4ED8-4A2A-8319-2789A2193789}.Release|x86.ActiveCfg = Release|Win32
		{D61E3CA2-4ED8-4A2A-8319-2789A2193789}.Release|x86.Build.0 = Release|Win32
		{90B8A66E-7DC7-49F8-9C14-9B2C36C9D390}.Debug|x64.ActiveCfg = Debug|x64
		{90B8A66E-7DC7-49F8-9C14-9B2C36C9D390}.Debug|x64.Build.0 = Debug|x64
		{90B8A66E-7DC7-49F8-9C14-9B2C36C9D390}.Debug|x86.ActiveCfg = Debug|Win32
		{90B8A66E-7DC7-49F8-9C14-9B2C36C9D390}.Debug|x86.Build.0 = Debug|Win32
		{90B8A66E-7DC7-49F8-9C14-9B2C36C9D390}.Release|x64.ActiveCfg = Release|x64
		{90B8A66E-7DC7-49F8-9C14-9B2C36C9D390}.Release|x64.Build.0 = Release|x64
		{90B8A66E-7DC7-49F8-9C14-9B2C36C9D390}.Release|x86.ActiveCfg = Release|Win32
		{90B8A66E-7DC7-49F8-9C14-9B2C36C9D390}.Release|x86.Build.0 = Release|Win32
		{60127C5F-7598-4CB7-B8A4-A17C7AB4C01B}.Debug|x64.ActiveCfg = Debug|x64
		{60127C5F-7598-4CB7-B8A4-A17C7AB4C01B}.Debug|x64.Build.0 = Debug|x64
		{60127C5F-7598-4CB7-B8A4-A17C7AB4C01B}.Debug|x86.ActiveCfg = Debug|Win32
		{60127C5F-7598-4CB7-B8A4-A17C7AB4C01B}.Debug|x86.Build.0 = Debug|Win32
		{60127C5F-7598-4CB7-B8A4-A17C7AB4C01B}.Release|x64.ActiveCfg = Release|x64
		{60127C5F-7598-4CB7-B8A4-A17C7AB4C01B}.Release|x64.Build.0 = Release|x64
		{60127C5F-7598-4CB7-B8A4-A17C7AB4C01B}.Release|x86.ActiveCfg = Release|Win32
		{60127C5F-7598-4CB7-B8A4-A17C7AB4C01B}.Release|x86.Build.0 = Release|Win32
		{5B45147A-4A2D-4A10-85BF-743108EBFB5E}.Debug|x64.ActiveCfg = Debug|x64
		{5B45147A-4A2D-4A10-85BF-743108EBFB5E}.Debug|x64.Build.0 = Debug|x64
		{5B45147A-4A2D-4A10-85BF-743108EBFB5E}.Debug|x86.ActiveCfg = Debug|Win32
		{5B45147A-4A2D-4A10-85BF-743108EBFB5E}.Debug|x86.Build.0 = Debug|Win32
		{5B45147A-4A2D-4A10-85BF-743108EBFB5E}.Release|x64.ActiveCfg = Release|x64
		{5B45147A-4A2D-4A10-85BF-743108EBFB5E}.Release|x64.Build.0 = Release|x64
		{5B45147A-4A2D-4A10-85BF-743108EBFB5E}.Release|x86.ActiveCfg = Release|Win32
		{5B45147A-4A2D-4A10-85BF-743108EBFB5E}.Release|x86.Build.0 = Release|Win32
		{D3E31D5F-D629-477A-BC0C-F5702FD90789}.Debug|x64.ActiveCfg = Debug|x64
		{D3E31D5F-D629-477A-BC0C-F5702FD90789}.Debug|x64.Build.0 = Debug|x64
		{D3E31D5F-D629-477A-BC0C-F5702FD90789}.Debug|x86.ActiveCfg = Debug|Win32
		{D3E31D5F-D629-477A-BC0C-F5702FD90789}.Debug|x86.Build.0 = Debug|Win32
		{D3E31D5F-D629-477A-BC0C-F5702FD90789}.Release|x64.ActiveCfg = Release|x64
		{D3E31D5F-D629-477A-BC0C-F5702FD90789}.Release|x64.Build.0 = Release|x64
		{D3E31D5F-D629-477A-BC0C-F5702FD90789}.Release|x86.ActiveCfg = Release|Win32
		{D3E31D5F-D629-477A-BC0C-F5702FD90789}.Release|x86.Build.0 = Release|Win32
		{06A3CDC5-E0EC-4993-8D26-7A72C2F6E913}.Debug|x64.ActiveCfg = Debug|x64
		{06A3CDC5-E0EC-4993-8D26-7A72C2F6E913}.Debug|x64.Build.0 = Debug|x64
		{06A3CDC5-E0EC-4993-8D26-7A72C2F6E913}.Debug|x86.ActiveCfg = Debug|Win32
		{06A3CDC5-E0EC-4993-8D26-7A72C2F6E913}.Debug|x86.Build.0 = Debug|Win32
		{06A3CDC5-E0EC-4993-8D26-7A72C2F6E913}.Release|x64.ActiveCfg = Release|x64
		{06A3CDC5-E0EC-4993-8D26-7A72C2F6E913}.Release|x64.Build.0 = Release|x64
		{06A3CDC5-E0EC-4993-8D26-7A72C2F6E913}.Release|x86.ActiveCfg = Release|Win32
		{06A3CDC5-E0EC-4993-8D26-7A72C2F6E913}.Release|x86.Build.0 = Release|Win32
		{67670993-9561-4730-BBE7-2FE0E3AF9118}.Debug|x64.ActiveCfg = Debug|x64
		{67670993-9561-4730-BBE7-2FE0E3AF9118}.Debug|x64.Build.0 = Debug|x64
		{67670993-9561-4730-BBE7-2FE0E3AF9118}.Debug|x86.ActiveCfg = Debug|Win32
		{67670993-9561-4730-BBE7-2FE0E3AF9118}.Debug|x86.Build.0 = Debug|Win32
		{67670993-9561-4730-BBE7-2FE0E3AF9118}.Release|x64.ActiveCfg = Release|x64
		{67670993-9561-4730-BBE7-2FE0E3AF9118}.Release|x64.Build.0 = Release|x64
		{67670993-9561-4730-BBE7-2FE0E3AF9118}.Release|x86.ActiveCfg = Release|Win32
		{67670993-9561-4730-BBE7-2FE0E3AF9118}.Release|x86.Build.0 = Release|Win32
		{B9F23399-998E-4150-BBD2-B3C068AAFA6D}.Debug|x64.ActiveCfg = Debug|x64
		{B9F23399-998E-4150-BBD2-B3C068AAFA6D}.Debug|x64.Build.0 = Debug|x64
		{B9F23399-998E-4150-BBD2-B3C068AAFA6D}.Debug|x86.ActiveCfg = Debug|Win32
		{B9F23399-998E-4150-BBD2-B3C068AAFA6D}.Debug|x86.Build.0 = Debug|Win32
		{B9F23399-998E-4150-BBD2-B3C068AAFA6D}.Release|x64.ActiveCfg = Release|x64
		{B9F23399-998E-4150-BBD2-B3C068AAFA6D}.Release|x64.Build.0 = Release|x64
		{B9F23399-998E-4150-BBD2-B3C068AAFA6D}.Release|x86.ActiveCfg = Release|Win32
		{B9F23399-998E-4150-BBD2-B3C068AAFA6D}.Release|x86.Build.0 = Release|Win32
		{75DB7734-EC11-4FE7-A41E-53B7592E1D31}.Debug|x64.ActiveCfg = Debug|x64
		{75DB7734-EC11-4FE7-A41E-53B7592E1D31}.Debug|x64.Build.0 = Debug|x64
		{75DB7734-EC11-4FE7-A41E-53B7592E1D31}.Debug|x86.ActiveCfg = Debug|Win32
		{75DB7734-EC11-4FE7-A41E-53B7592E1D31}.Debug|x86.Build.0 = Debug|Win32
		{75DB7734-EC11-4FE7-A41E-53B7592E1D31}.Release|x64.ActiveCfg = Release|x64
		{75DB7734-EC11-4FE7-A41E-53B7592E1D31}.Release|x64.Build.0 = Release|x64
		{75DB7734-EC11-4FE7-A41E-53B7592E1D31}.Release|x86.ActiveCfg = Release|Win32
		{75DB7734-EC11-4FE7-A41E-53B7592E1D31}.Release|x86.Build.0 = Release|Win32
		{D985DF56-02D8-42B3-A11A-694546606EC0}.Debug|x64.ActiveCfg = Debug|x64
		{D985DF56-02D8-42B3-A11A-694546606EC0}.Debug|x64.Build.0 = Debug|x64
		{D985DF56-02D8-42B3-A11A-694546606EC0}.Debug|x86.ActiveCfg = Debug|Win32
		{D985DF56-02D8-42B3-A11A-694546606EC0}.Debug|x86.Build.0 = Debug|Win32
		{D985DF56-02D8-42B3-A11A-694546606EC0}.Release|x64.ActiveCfg = Release|x64
		{D985DF56-02D8-42B3-A11A-694546606EC0}.Release|x64.Build.0 = Release|x64
		{D985DF56-02D8-42B3-A11A-694546606EC0}.Release|x86.ActiveCfg = Release|Win32
		{D985DF56-02D8-42B3-A11A-694546606EC0}.Release|x86.Build.0 = Release|Win32
		{B6C7CD5D-0C13-4A1F-9E53-2B1F299B9A36}.Debug|x64.ActiveCfg = Debug|x64
		{B6C7CD5D-0C13-4A1F-9E53-2B1F299B9A36}.Debug|x64.Build.0 = Debug|x64
		{B6C7CD5D-0C13-4A1F-9E53-2B1F299B9A36}.Debug|x86.ActiveCfg = Debug|Win32
		{B6C7CD5D-0C13-4A1F-9E53-2B1F299B9A36}.Debug|x86.Build.0 = Debug|Win32
		{B6C7CD5D-0C13-4A1F-9E53-2B1F299B9A36}.Release|x64.ActiveCfg = Release|x64
		{B6C7CD5D-0C13-4A1F-9E53-2B1F299B9A36}.Release|x64.Build.0 = Release|x64
		{B6C7CD5D-0C13-4A1F-9E53-2B1F299B9A36}.Release|x86.ActiveCfg = Release|Win32
		{B6C7CD5D-0C13-4A1F-9E53-2B1F299B9A36}.Release|x86.Build.0 = Release|Win32
		{9CC8B96C-DAC1-4178-BDE1-421EF02954DB}.Debug|x64.ActiveCfg = Debug|x64
		{9CC8B96C-DAC1-4178-BDE1-421EF02954DB}.Debug|x64.Build.0 = Debug|x64
		{9CC8B96C-DAC1-4178-BDE1-421EF02954DB}.Debug|x86.ActiveCfg = Debug|Win32
		{9CC8B96C-DAC1-4178-BDE1-421EF02954DB}.Debug|x86.Build.0 = Debug|Win32
		{9CC8B96C-DAC1-4178-BDE1-421EF02954DB}.Release|x64.ActiveCfg = Release|x64
		{9CC8B96C-DAC1-4178-BDE1-421EF02954DB}.Release|x64.Build.0 = Release|x64
		{9CC8B96C-DAC1-4178-BDE1-421EF02954DB}.Release|x86.ActiveCfg = Release|Win32
		{9CC8B96C-DAC1-4178-BDE1-421EF02954DB}.Release|x86.Build.0 = Release|Win32
		{83377585-BB47-4A83-A1A2-719821428A29}.Debug|x64.ActiveCfg = Debug|x64
		{83377585-BB47-4A83-A1A2-719821428A29}.Debug|x64.Build.0 = Debug|x64
		{83377585-BB47-4A83-A1A2-719821428A29}.Debug|x86.ActiveCfg = Debug|Win32
		{83377585-BB47-4A83-A1A2-719821428A29}.Debug|x86.Build.0 = Debug|Win32
		{83377585-BB47-4A83-A1A2-719821428A29}.Release|x64.ActiveCfg = Release|x64
		{83377585-BB47-4A83-A1A2-719821428A29}.Release|x64.Build.0 = Release|x64
		{83377585-BB47-4A83-A1A2-719821428A29}.Release|x86.ActiveCfg = Release|Win32
		{83377585-BB47-4A83-A1A2-719821428A29}.Release|x86.Build.0 = Release|Win32
	EndGlobalSection
	GlobalSection(SolutionProperties) = preSolution
		HideSolutionNode = FALSE
	EndGlobalSection
	GlobalSection(ExtensibilityGlobals) = postSolution
		SolutionGuid = {2D42948F-26DF-43A1-8FA7-E248535349EF}
	EndGlobalSection
EndGlobal
