
Microsoft Visual Studio Solution File, Format Version 12.00
# Visual Studio 15
VisualStudioVersion = 15.0.28010.2046
MinimumVisualStudioVersion = 10.0.40219.1
Project("{8BC9CEB8-8B4A-11D0-8D11-00A0C91BC942}") = "Zadanie_1", "Zjazd_(1)\Zjazd_(1).vcxproj", "{4356146C-FCCC-4221-8638-6DCFE6606AE3}"
EndProject
Project("{8BC9CEB8-8B4A-11D0-8D11-00A0C91BC942}") = "Zadanie_2", "Zadanie_@\Zadanie_@.vcxproj", "{1B3E79DC-2C82-454B-B5A0-260D57AFA385}"
EndProject
Project("{8BC9CEB8-8B4A-11D0-8D11-00A0C91BC942}") = "Zadanie_3", "Zadanie_3\Zadanie_3.vcxproj", "{4D18507F-3946-48D9-AAA0-3BF7D8A560B5}"
EndProject
Project("{8BC9CEB8-8B4A-11D0-8D11-00A0C91BC942}") = "Zadanie_4", "Zadanie_4\Zadanie_4.vcxproj", "{DD393C76-94AC-4EF7-A9B4-4094F14BFA4D}"
EndProject
Global
	GlobalSection(SolutionConfigurationPlatforms) = preSolution
		Debug|x64 = Debug|x64
		Debug|x86 = Debug|x86
		Release|x64 = Release|x64
		Release|x86 = Release|x86
	EndGlobalSection
	GlobalSection(ProjectConfigurationPlatforms) = postSolution
		{4356146C-FCCC-4221-8638-6DCFE6606AE3}.Debug|x64.ActiveCfg = Debug|x64
		{4356146C-FCCC-4221-8638-6DCFE6606AE3}.Debug|x64.Build.0 = Debug|x64
		{4356146C-FCCC-4221-8638-6DCFE6606AE3}.Debug|x86.ActiveCfg = Debug|Win32
		{4356146C-FCCC-4221-8638-6DCFE6606AE3}.Debug|x86.Build.0 = Debug|Win32
		{4356146C-FCCC-4221-8638-6DCFE6606AE3}.Release|x64.ActiveCfg = Release|x64
		{4356146C-FCCC-4221-8638-6DCFE6606AE3}.Release|x64.Build.0 = Release|x64
		{4356146C-FCCC-4221-8638-6DCFE6606AE3}.Release|x86.ActiveCfg = Release|Win32
		{4356146C-FCCC-4221-8638-6DCFE6606AE3}.Release|x86.Build.0 = Release|Win32
		{1B3E79DC-2C82-454B-B5A0-260D57AFA385}.Debug|x64.ActiveCfg = Debug|x64
		{1B3E79DC-2C82-454B-B5A0-260D57AFA385}.Debug|x64.Build.0 = Debug|x64
		{1B3E79DC-2C82-454B-B5A0-260D57AFA385}.Debug|x86.ActiveCfg = Debug|Win32
		{1B3E79DC-2C82-454B-B5A0-260D57AFA385}.Debug|x86.Build.0 = Debug|Win32
		{1B3E79DC-2C82-454B-B5A0-260D57AFA385}.Release|x64.ActiveCfg = Release|x64
		{1B3E79DC-2C82-454B-B5A0-260D57AFA385}.Release|x64.Build.0 = Release|x64
		{1B3E79DC-2C82-454B-B5A0-260D57AFA385}.Release|x86.ActiveCfg = Release|Win32
		{1B3E79DC-2C82-454B-B5A0-260D57AFA385}.Release|x86.Build.0 = Release|Win32
		{4D18507F-3946-48D9-AAA0-3BF7D8A560B5}.Debug|x64.ActiveCfg = Debug|x64
		{4D18507F-3946-48D9-AAA0-3BF7D8A560B5}.Debug|x64.Build.0 = Debug|x64
		{4D18507F-3946-48D9-AAA0-3BF7D8A560B5}.Debug|x86.ActiveCfg = Debug|Win32
		{4D18507F-3946-48D9-AAA0-3BF7D8A560B5}.Debug|x86.Build.0 = Debug|Win32
		{4D18507F-3946-48D9-AAA0-3BF7D8A560B5}.Release|x64.ActiveCfg = Release|x64
		{4D18507F-3946-48D9-AAA0-3BF7D8A560B5}.Release|x64.Build.0 = Release|x64
		{4D18507F-3946-48D9-AAA0-3BF7D8A560B5}.Release|x86.ActiveCfg = Release|Win32
		{4D18507F-3946-48D9-AAA0-3BF7D8A560B5}.Release|x86.Build.0 = Release|Win32
		{DD393C76-94AC-4EF7-A9B4-4094F14BFA4D}.Debug|x64.ActiveCfg = Debug|x64
		{DD393C76-94AC-4EF7-A9B4-4094F14BFA4D}.Debug|x64.Build.0 = Debug|x64
		{DD393C76-94AC-4EF7-A9B4-4094F14BFA4D}.Debug|x86.ActiveCfg = Debug|Win32
		{DD393C76-94AC-4EF7-A9B4-4094F14BFA4D}.Debug|x86.Build.0 = Debug|Win32
		{DD393C76-94AC-4EF7-A9B4-4094F14BFA4D}.Release|x64.ActiveCfg = Release|x64
		{DD393C76-94AC-4EF7-A9B4-4094F14BFA4D}.Release|x64.Build.0 = Release|x64
		{DD393C76-94AC-4EF7-A9B4-4094F14BFA4D}.Release|x86.ActiveCfg = Release|Win32
		{DD393C76-94AC-4EF7-A9B4-4094F14BFA4D}.Release|x86.Build.0 = Release|Win32
	EndGlobalSection
	GlobalSection(SolutionProperties) = preSolution
		HideSolutionNode = FALSE
	EndGlobalSection
	GlobalSection(ExtensibilityGlobals) = postSolution
		SolutionGuid = {300EB8F4-FEB2-4042-AC63-5EB435773B0F}
	EndGlobalSection
EndGlobal
